
Microsoft Visual Studio Solution File, Format Version 12.00
# Visual Studio Version 17
VisualStudioVersion = 17.5.002.0
MinimumVisualStudioVersion = 10.0.40219.1
Project("{9A19103F-16F7-4668-BE54-9A1E7A4F7556}") = "Task_2", "Task_2.csproj", "{007BD11B-1AF5-4932-B3CE-4E98CA595337}"
EndProject
Global
	GlobalSection(SolutionConfigurationPlatforms) = preSolution
		Debug|Any CPU = Debug|Any CPU
		Release|Any CPU = Release|Any CPU
	EndGlobalSection
	GlobalSection(ProjectConfigurationPlatforms) = postSolution
		{007BD11B-1AF5-4932-B3CE-4E98CA595337}.Debug|Any CPU.ActiveCfg = Debug|Any CPU
		{007BD11B-1AF5-4932-B3CE-4E98CA595337}.Debug|Any CPU.Build.0 = Debug|Any CPU
		{007BD11B-1AF5-4932-B3CE-4E98CA595337}.Release|Any CPU.ActiveCfg = Release|Any CPU
		{007BD11B-1AF5-4932-B3CE-4E98CA595337}.Release|Any CPU.Build.0 = Release|Any CPU
	EndGlobalSection
	GlobalSection(SolutionProperties) = preSolution
		HideSolutionNode = FALSE
	EndGlobalSection
	GlobalSection(ExtensibilityGlobals) = postSolution
		SolutionGuid = {67DCF677-1EAB-4749-B2B5-1F0A867CC7B7}
	EndGlobalSection
EndGlobal
